// !$*UTF8*$!
{ archiveVersion = 1; classes = {}; objectVersion = 56; objects = {
E81B47CBF95CF17C4EB6727D = { isa = PBXFileReference; lastKnownFileType = sourcecode.swift; path = "Sources/Palm/AgentSettingsView.swift"; sourceTree = "<group>"; };
8BFBDBBF8B49F24148EFA9C1 = { isa = PBXBuildFile; fileRef = E81B47CBF95CF17C4EB6727D; };
384CADB5274949C6C012AB1F = { isa = PBXFileReference; lastKnownFileType = sourcecode.swift; path = "Sources/Palm/AppStore.swift"; sourceTree = "<group>"; };
C61DA24934C18F74C010FD18 = { isa = PBXBuildFile; fileRef = 384CADB5274949C6C012AB1F; };
77524DA3F09F548EE8A51DD9 = { isa = PBXFileReference; lastKnownFileType = sourcecode.swift; path = "Sources/Palm/BlockNoteEditor.swift"; sourceTree = "<group>"; };
ACB44FFC792CCF15AA424E0C = { isa = PBXBuildFile; fileRef = 77524DA3F09F548EE8A51DD9; };
E5DACAA4FC76267B69783EFA = { isa = PBXFileReference; lastKnownFileType = sourcecode.swift; path = "Sources/Palm/ControlGallery.swift"; sourceTree = "<group>"; };
5245071879A4648F712E4A55 = { isa = PBXBuildFile; fileRef = E5DACAA4FC76267B69783EFA; };
E0153B3ABDD8EB87759260F2 = { isa = PBXFileReference; lastKnownFileType = sourcecode.swift; path = "Sources/Palm/CourseViews.swift"; sourceTree = "<group>"; };
CFF1E745520058FF368D7D21 = { isa = PBXBuildFile; fileRef = E0153B3ABDD8EB87759260F2; };
D1BB6C63A1F09F2F93A60C12 = { isa = PBXFileReference; lastKnownFileType = sourcecode.swift; path = "Sources/Palm/DailyReminder.swift"; sourceTree = "<group>"; };
47662DD8F6F64DB5D85E9425 = { isa = PBXBuildFile; fileRef = D1BB6C63A1F09F2F93A60C12; };
13D2E5C653A62F84EB9D5B54 = { isa = PBXFileReference; lastKnownFileType = sourcecode.swift; path = "Sources/Palm/DesignSystem.swift"; sourceTree = "<group>"; };
A02B45DB055EEFD128135749 = { isa = PBXBuildFile; fileRef = 13D2E5C653A62F84EB9D5B54; };
8903938C54A46FAF40A6616E = { isa = PBXFileReference; lastKnownFileType = sourcecode.swift; path = "Sources/Palm/FlashcardViews.swift"; sourceTree = "<group>"; };
9BD63825F4FB8D5FA0E4145B = { isa = PBXBuildFile; fileRef = 8903938C54A46FAF40A6616E; };
F8223AA78D8ECCC86C6599CB = { isa = PBXFileReference; lastKnownFileType = sourcecode.swift; path = "Sources/Palm/GraphNavigationSurface.swift"; sourceTree = "<group>"; };
4CFD553EA8696219B077B830 = { isa = PBXBuildFile; fileRef = F8223AA78D8ECCC86C6599CB; };
18FA68905863ABB5FA732770 = { isa = PBXFileReference; lastKnownFileType = sourcecode.swift; path = "Sources/Palm/KnowledgeMapView.swift"; sourceTree = "<group>"; };
FAB96F361BD49ABB1103D2B6 = { isa = PBXBuildFile; fileRef = 18FA68905863ABB5FA732770; };
C2D078EC6C3096A3BD16710F = { isa = PBXFileReference; lastKnownFileType = sourcecode.swift; path = "Sources/Palm/LearningShowcase.swift"; sourceTree = "<group>"; };
2AFA54EE5AB2C45855D7DFDE = { isa = PBXBuildFile; fileRef = C2D078EC6C3096A3BD16710F; };
89387B9EDDCD3BCACCEC2318 = { isa = PBXFileReference; lastKnownFileType = sourcecode.swift; path = "Sources/Palm/LessonView.swift"; sourceTree = "<group>"; };
E570168861C9C90937B86FAD = { isa = PBXBuildFile; fileRef = 89387B9EDDCD3BCACCEC2318; };
4C44087358A3231D30F36264 = { isa = PBXFileReference; lastKnownFileType = sourcecode.swift; path = "Sources/Palm/LibraryViews.swift"; sourceTree = "<group>"; };
DB6274D33C0D7595F6110228 = { isa = PBXBuildFile; fileRef = 4C44087358A3231D30F36264; };
BBDABC8177B8B1CD7368F9CB = { isa = PBXFileReference; lastKnownFileType = sourcecode.swift; path = "Sources/Palm/MarkdownGuide.swift"; sourceTree = "<group>"; };
E30CFCB4A1B801E3D46E095C = { isa = PBXBuildFile; fileRef = BBDABC8177B8B1CD7368F9CB; };
B57BF1EA7D39482490147E14 = { isa = PBXFileReference; lastKnownFileType = sourcecode.swift; path = "Sources/Palm/NotebookIdentity.swift"; sourceTree = "<group>"; };
4D52699110F9889D634AB5B1 = { isa = PBXBuildFile; fileRef = B57BF1EA7D39482490147E14; };
EEF7C2E2AC2D91444F20E4C3 = { isa = PBXFileReference; lastKnownFileType = sourcecode.swift; path = "Sources/Palm/PalmApp.swift"; sourceTree = "<group>"; };
84F6A8C06662FA61D3FF2767 = { isa = PBXBuildFile; fileRef = EEF7C2E2AC2D91444F20E4C3; };
C82D5EBB06A0AD216866DCF0 = { isa = PBXFileReference; lastKnownFileType = sourcecode.swift; path = "Sources/Palm/PracticeTree.swift"; sourceTree = "<group>"; };
5FD139DBD9014D36C8F9BFDB = { isa = PBXBuildFile; fileRef = C82D5EBB06A0AD216866DCF0; };
CAF89DF553A9DC2B619466E4 = { isa = PBXFileReference; lastKnownFileType = sourcecode.swift; path = "Sources/Palm/ProgressView.swift"; sourceTree = "<group>"; };
12F284CF22EDD8597B6DD5D7 = { isa = PBXBuildFile; fileRef = CAF89DF553A9DC2B619466E4; };
0F38B128462D67BAD4DE4293 = { isa = PBXFileReference; lastKnownFileType = sourcecode.swift; path = "Sources/Palm/QuestionRetryView.swift"; sourceTree = "<group>"; };
B8CE1E62DBF2FF6DE9041F3B = { isa = PBXBuildFile; fileRef = 0F38B128462D67BAD4DE4293; };
BB4DB4AA096DA90B2C920159 = { isa = PBXFileReference; lastKnownFileType = sourcecode.swift; path = "Sources/Palm/RichMarkdown.swift"; sourceTree = "<group>"; };
AD688F3E93B6CD10C9BE30F6 = { isa = PBXBuildFile; fileRef = BB4DB4AA096DA90B2C920159; };
64144DF792713A3B8E8431D2 = { isa = PBXFileReference; lastKnownFileType = sourcecode.swift; path = "Sources/Palm/SyntaxSelection.swift"; sourceTree = "<group>"; };
7B5505413F40171218D21E69 = { isa = PBXBuildFile; fileRef = 64144DF792713A3B8E8431D2; };
D5E8447161F1F1341E8CF22A = { isa = PBXFileReference; lastKnownFileType = sourcecode.swift; path = "Sources/Palm/TodayView.swift"; sourceTree = "<group>"; };
AA8C2254191B1C787124587A = { isa = PBXBuildFile; fileRef = D5E8447161F1F1341E8CF22A; };
E8AFD99A0769FD8FE0F5F494 = { isa = PBXFileReference; lastKnownFileType = sourcecode.swift; path = "Sources/Palm/TrackerSettings.swift"; sourceTree = "<group>"; };
8E81AFD306E92A4BAB426C19 = { isa = PBXBuildFile; fileRef = E8AFD99A0769FD8FE0F5F494; };
6CC7BBA29E370802255B25E6 = { isa = PBXFileReference; lastKnownFileType = sourcecode.swift; path = "Sources/Palm/WelcomeView.swift"; sourceTree = "<group>"; };
23B62AFAD1A4FD57DB4D1C7B = { isa = PBXBuildFile; fileRef = 6CC7BBA29E370802255B25E6; };
4CC6C1C84E6FD97B17F21826 = { isa = PBXFileReference; lastKnownFileType = sourcecode.swift; path = "Sources/Palm/WorkspaceControls.swift"; sourceTree = "<group>"; };
75DD9D58F0EF500772A3CEE9 = { isa = PBXBuildFile; fileRef = 4CC6C1C84E6FD97B17F21826; };
297DD60B7EEFB8EDE357F041 = { isa = PBXFileReference; lastKnownFileType = sourcecode.swift; path = "Sources/Palm/WorkspaceTutor.swift"; sourceTree = "<group>"; };
E5E5D28CC7D8DD1C96748D07 = { isa = PBXBuildFile; fileRef = 297DD60B7EEFB8EDE357F041; };
C2D4B446A44CE54FAB8E0115 = { isa = PBXFileReference; lastKnownFileType = image.icns; path = Assets/Palm.icns; sourceTree = "<group>"; };
4EED28C5B2A81EE7A7A803CA = { isa = PBXBuildFile; fileRef = C2D4B446A44CE54FAB8E0115; };
A8792157CB4F27FB949C035F = { isa = PBXFileReference; explicitFileType = wrapper.application; path = Palm.app; sourceTree = BUILT_PRODUCTS_DIR; };
AD936FCBED631FA67E05C3EA = { isa = PBXGroup; children = (E81B47CBF95CF17C4EB6727D,384CADB5274949C6C012AB1F,77524DA3F09F548EE8A51DD9,E5DACAA4FC76267B69783EFA,E0153B3ABDD8EB87759260F2,D1BB6C63A1F09F2F93A60C12,13D2E5C653A62F84EB9D5B54,8903938C54A46FAF40A6616E,F8223AA78D8ECCC86C6599CB,18FA68905863ABB5FA732770,C2D078EC6C3096A3BD16710F,89387B9EDDCD3BCACCEC2318,4C44087358A3231D30F36264,BBDABC8177B8B1CD7368F9CB,B57BF1EA7D39482490147E14,EEF7C2E2AC2D91444F20E4C3,C82D5EBB06A0AD216866DCF0,CAF89DF553A9DC2B619466E4,0F38B128462D67BAD4DE4293,BB4DB4AA096DA90B2C920159,64144DF792713A3B8E8431D2,D5E8447161F1F1341E8CF22A,E8AFD99A0769FD8FE0F5F494,6CC7BBA29E370802255B25E6,4CC6C1C84E6FD97B17F21826,297DD60B7EEFB8EDE357F041,C2D4B446A44CE54FAB8E0115,A8792157CB4F27FB949C035F); sourceTree = "<group>"; };
BC4A71180870F7945155FBB0 = { isa = XCLocalSwiftPackageReference; relativePath = .; };
CFC279C270BDB8A25218A9EB = { isa = XCLocalSwiftPackageReference; relativePath = Vendor/CodeEditSymbols; };
87AF99E95BE0408DE57C5D3E = { isa = XCSwiftPackageProductDependency; package = CFC279C270BDB8A25218A9EB; productName = CodeEditSymbols; };
69A31814687558207560565E = { isa = PBXBuildFile; productRef = 87AF99E95BE0408DE57C5D3E; };
F26350DAFE3F19AABFD69AC4 = { isa = XCSwiftPackageProductDependency; package = BC4A71180870F7945155FBB0; productName = PalmKit; };
B1B1BDB480C61D075300D9BF = { isa = PBXBuildFile; productRef = F26350DAFE3F19AABFD69AC4; };
E2AA269EB967A8853A258BFA = { isa = PBXFrameworksBuildPhase; buildActionMask = 2147483647; files = (B1B1BDB480C61D075300D9BF,69A31814687558207560565E); runOnlyForDeploymentPostprocessing = 0; };
878A52FC5FF6A57D50B7B870 = { isa = PBXSourcesBuildPhase; buildActionMask = 2147483647; files = (8BFBDBBF8B49F24148EFA9C1,C61DA24934C18F74C010FD18,ACB44FFC792CCF15AA424E0C,5245071879A4648F712E4A55,CFF1E745520058FF368D7D21,47662DD8F6F64DB5D85E9425,A02B45DB055EEFD128135749,9BD63825F4FB8D5FA0E4145B,4CFD553EA8696219B077B830,FAB96F361BD49ABB1103D2B6,2AFA54EE5AB2C45855D7DFDE,E570168861C9C90937B86FAD,DB6274D33C0D7595F6110228,E30CFCB4A1B801E3D46E095C,4D52699110F9889D634AB5B1,84F6A8C06662FA61D3FF2767,5FD139DBD9014D36C8F9BFDB,12F284CF22EDD8597B6DD5D7,B8CE1E62DBF2FF6DE9041F3B,AD688F3E93B6CD10C9BE30F6,7B5505413F40171218D21E69,AA8C2254191B1C787124587A,8E81AFD306E92A4BAB426C19,23B62AFAD1A4FD57DB4D1C7B,75DD9D58F0EF500772A3CEE9,E5E5D28CC7D8DD1C96748D07); runOnlyForDeploymentPostprocessing = 0; };
41D311A605520FC7B8B9A980 = { isa = PBXResourcesBuildPhase; buildActionMask = 2147483647; files = (4EED28C5B2A81EE7A7A803CA); runOnlyForDeploymentPostprocessing = 0; };
1A03BD2FD107C453F3183E30 = { isa = XCBuildConfiguration; name = Debug; buildSettings = {
      PRODUCT_NAME = Palm; PRODUCT_BUNDLE_IDENTIFIER = app.plam.learning; MACOSX_DEPLOYMENT_TARGET = 15.0;
      ARCHS = arm64; ONLY_ACTIVE_ARCH = YES; ALWAYS_SEARCH_USER_PATHS = NO; SDKROOT = macosx; SWIFT_VERSION = 5.0; GENERATE_INFOPLIST_FILE = YES;
      INFOPLIST_KEY_CFBundleDisplayName = Palm; INFOPLIST_KEY_CFBundleIconFile = Palm; INFOPLIST_KEY_LSApplicationCategoryType = "public.app-category.education";
      INFOPLIST_KEY_NSHighResolutionCapable = YES; CODE_SIGN_IDENTITY = "-"; CODE_SIGN_STYLE = Manual;
      ENABLE_APP_SANDBOX = NO; CURRENT_PROJECT_VERSION = 1; MARKETING_VERSION = 1.0;
      SWIFT_OPTIMIZATION_LEVEL = "-Onone";
      LD_RUNPATH_SEARCH_PATHS = "$(inherited) @executable_path/../Frameworks";
    }; };
E020E3C67BD0C31227720BD8 = { isa = XCBuildConfiguration; name = Release; buildSettings = {
      PRODUCT_NAME = Palm; PRODUCT_BUNDLE_IDENTIFIER = app.plam.learning; MACOSX_DEPLOYMENT_TARGET = 15.0;
      ARCHS = arm64; ONLY_ACTIVE_ARCH = YES; ALWAYS_SEARCH_USER_PATHS = NO; SDKROOT = macosx; SWIFT_VERSION = 5.0; GENERATE_INFOPLIST_FILE = YES;
      INFOPLIST_KEY_CFBundleDisplayName = Palm; INFOPLIST_KEY_CFBundleIconFile = Palm; INFOPLIST_KEY_LSApplicationCategoryType = "public.app-category.education";
      INFOPLIST_KEY_NSHighResolutionCapable = YES; CODE_SIGN_IDENTITY = "-"; CODE_SIGN_STYLE = Manual;
      ENABLE_APP_SANDBOX = NO; CURRENT_PROJECT_VERSION = 1; MARKETING_VERSION = 1.0;
      SWIFT_OPTIMIZATION_LEVEL = "-O";
      LD_RUNPATH_SEARCH_PATHS = "$(inherited) @executable_path/../Frameworks";
    }; };
86D70A8B0431CAF3048DAB39 = { isa = XCConfigurationList; buildConfigurations = (1A03BD2FD107C453F3183E30,E020E3C67BD0C31227720BD8); defaultConfigurationIsVisible = 0; defaultConfigurationName = Debug; };
34A04005BCAF206EEC990BD9 = { isa = PBXNativeTarget; name = Palm; productName = Palm; productType = "com.apple.product-type.application"; productReference = A8792157CB4F27FB949C035F; buildConfigurationList = 86D70A8B0431CAF3048DAB39; buildPhases = (878A52FC5FF6A57D50B7B870,E2AA269EB967A8853A258BFA,41D311A605520FC7B8B9A980); buildRules = (); dependencies = (); packageProductDependencies = (F26350DAFE3F19AABFD69AC4,87AF99E95BE0408DE57C5D3E); };
244210E48437B6556980A702 = { isa = PBXProject; buildConfigurationList = 86D70A8B0431CAF3048DAB39; compatibilityVersion = "Xcode 14.0"; developmentRegion = en; knownRegions = (en, Base); mainGroup = AD936FCBED631FA67E05C3EA; productRefGroup = AD936FCBED631FA67E05C3EA; projectDirPath = ""; projectRoot = ""; targets = (34A04005BCAF206EEC990BD9); packageReferences = (BC4A71180870F7945155FBB0,CFC279C270BDB8A25218A9EB); attributes = { LastUpgradeCheck = 2600; }; };
}; rootObject = 244210E48437B6556980A702; }
